
Microsoft Visual Studio Solution File, Format Version 12.00
# Visual Studio Version 16
VisualStudioVersion = 16.0.30002.166
MinimumVisualStudioVersion = 10.0.40219.1
Project("{9A19103F-16F7-4668-BE54-9A1E7A4F7556}") = "MGAuthentication", "MGAuthentication\MGAuthentication.csproj", "{6217B9E6-8110-4B8F-9737-9BEAE4DE32A9}"
EndProject
Project("{9A19103F-16F7-4668-BE54-9A1E7A4F7556}") = "MGAdmin", "MGAdmin\MGAdmin.csproj", "{16252AA5-F5D9-470A-B106-32E11D679820}"
EndProject
Global
	GlobalSection(SolutionConfigurationPlatforms) = preSolution
		Debug|Any CPU = Debug|Any CPU
		Release|Any CPU = Release|Any CPU
	EndGlobalSection
	GlobalSection(ProjectConfigurationPlatforms) = postSolution
		{6217B9E6-8110-4B8F-9737-9BEAE4DE32A9}.Debug|Any CPU.ActiveCfg = Debug|Any CPU
		{6217B9E6-8110-4B8F-9737-9BEAE4DE32A9}.Debug|Any CPU.Build.0 = Debug|Any CPU
		{6217B9E6-8110-4B8F-9737-9BEAE4DE32A9}.Release|Any CPU.ActiveCfg = Release|Any CPU
		{6217B9E6-8110-4B8F-9737-9BEAE4DE32A9}.Release|Any CPU.Build.0 = Release|Any CPU
		{16252AA5-F5D9-470A-B106-32E11D679820}.Debug|Any CPU.ActiveCfg = Debug|Any CPU
		{16252AA5-F5D9-470A-B106-32E11D679820}.Debug|Any CPU.Build.0 = Debug|Any CPU
		{16252AA5-F5D9-470A-B106-32E11D679820}.Release|Any CPU.ActiveCfg = Release|Any CPU
		{16252AA5-F5D9-470A-B106-32E11D679820}.Release|Any CPU.Build.0 = Release|Any CPU
	EndGlobalSection
	GlobalSection(SolutionProperties) = preSolution
		HideSolutionNode = FALSE
	EndGlobalSection
	GlobalSection(ExtensibilityGlobals) = postSolution
		SolutionGuid = {7C85A287-043C-4A7D-93C4-3C02D6110BB4}
	EndGlobalSection
EndGlobal
